[[package]]
name = "b"
version = "0.0.1"
description = "pkg_B"
category = "main"
optional = false
python-versions = ">=3.5"

[package.dependencies]
c = "*"

[[package]]
name = "c"
version = "0.0.1"
description = "pkg_C"
category = "main"
optional = false
python-versions = "*"

[package.dependencies]
b = "*"
d = "*"

[[package]]
name = "d"
version = "0.0.1"
description = "pkg_D"
category = "main"
optional = false
python-versions = ">=3.5"

[package.dependencies]
c = "*"

