[[package]]
name = "my_editable_package"
version = "0.1.0"
description = ""
category = "main"
optional = false
python-versions = "^3.7"
develop = true

[package.source]
type = "directory"
url = "../../libs/my_editable_package"

[[package]]
name = "atomicwrites"
version = "1.4.0"
description = "Atomic file writes."
category = "dev"
optional = false
python-versions = ">=2.7, !=3.0.*, !=3.1.*, !=3.2.*, !=3.3.*"