[[package]]
name = "poetry-lock-package"
version = "0.4.0"
description = "Poetry lock package generator"
category = "dev"
optional = false
python-versions = ">=3.6.2,<4.0.0"

[package.dependencies]
toml = ">=0.10.1,<0.11.0"

[[package]]
name = "PyBluez"
version = "0.30"
description = ""
category = "main"
optional = false
python-versions = ">=3.5"
develop = false

[package.extras]
ble = ["gattlib"]

[package.source]
type = "git"
url = "https://github.com/pybluez/pybluez.git"
reference = "d7f36702bba2abc8ea41977b2eea56a17431ac6d"
resolved_reference = "d7f36702bba2abc8ea41977b2eea56a17431ac6d"

[[package]]
name = "toml"
version = "0.10.2"
description = "Python Library for Tom's Obvious, Minimal Language"
category = "dev"
optional = false
python-versions = ">=2.6, !=3.0.*, !=3.1.*, !=3.2.*"

[metadata]
lock-version = "1.1"
python-versions = "^3.9"
content-hash = "bd67bfaf6783c1967a555bfd5aaec72c5a9a8ef09a4116ba7d45a0be4eb7d3f7"

[metadata.files]
poetry-lock-package = [
    {file = "poetry-lock-package-0.4.0.tar.gz", hash = "sha256:ff406686d9763da53a0dacb26736d0ea93354cb02758b4e8f34859963e69ebb1"},
    {file = "poetry_lock_package-0.4.0-py3-none-any.whl", hash = "sha256:f82dbdf58b92e81055ba02791cecd5288c2f01372035f5c861c3a5720d9e112d"},
]
PyBluez = []
toml = [
    {file = "toml-0.10.2-py2.py3-none-any.whl", hash = "sha256:806143ae5bfb6a3c6e736a764057db0e6a0e05e338b5630894a5f779cabb4f9b"},
    {file = "toml-0.10.2.tar.gz", hash = "sha256:b3bda1d108d5dd99f4a20d24d9c348e91c4db7ab1b749200bded2f839ccbe68f"},
]
